
Microsoft Visual Studio Solution File, Format Version 12.00
# Visual Studio Version 17
VisualStudioVersion = 17.8.34330.188
MinimumVisualStudioVersion = 10.0.40219.1
Project("{FAE04EC0-301F-11D3-BF4B-00C04F79EFBC}") = "PresentationLayer", "PresentationLayer.csproj", "{2F55F081-E663-4866-8B91-EFC87CF39380}"
EndProject
Project("{FAE04EC0-301F-11D3-BF4B-00C04F79EFBC}") = "Buisness", "..\Buisness\Buisness.csproj", "{75B94324-3D51-4DD3-9563-7D818F219AD8}"
EndProject
Project("{FAE04EC0-301F-11D3-BF4B-00C04F79EFBC}") = "Data", "..\Data\Data.csproj", "{98DABBC4-F988-4DA1-A6ED-B24D95E70005}"
EndProject
Project("{2150E333-8FDC-42A3-9474-1A3956D46DE8}") = "Project", "Project", "{316CD8D7-8B55-4008-9587-924F62EBA2BB}"
EndProject
Global
	GlobalSection(SolutionConfigurationPlatforms) = preSolution
		Debug|Any CPU = Debug|Any CPU
		Release|Any CPU = Release|Any CPU
	EndGlobalSection
	GlobalSection(ProjectConfigurationPlatforms) = postSolution
		{2F55F081-E663-4866-8B91-EFC87CF39380}.Debug|Any CPU.ActiveCfg = Debug|Any CPU
		{2F55F081-E663-4866-8B91-EFC87CF39380}.Debug|Any CPU.Build.0 = Debug|Any CPU
		{2F55F081-E663-4866-8B91-EFC87CF39380}.Release|Any CPU.ActiveCfg = Release|Any CPU
		{2F55F081-E663-4866-8B91-EFC87CF39380}.Release|Any CPU.Build.0 = Release|Any CPU
		{75B94324-3D51-4DD3-9563-7D818F219AD8}.Debug|Any CPU.ActiveCfg = Debug|Any CPU
		{75B94324-3D51-4DD3-9563-7D818F219AD8}.Debug|Any CPU.Build.0 = Debug|Any CPU
		{75B94324-3D51-4DD3-9563-7D818F219AD8}.Release|Any CPU.ActiveCfg = Release|Any CPU
		{75B94324-3D51-4DD3-9563-7D818F219AD8}.Release|Any CPU.Build.0 = Release|Any CPU
		{98DABBC4-F988-4DA1-A6ED-B24D95E70005}.Debug|Any CPU.ActiveCfg = Debug|Any CPU
		{98DABBC4-F988-4DA1-A6ED-B24D95E70005}.Debug|Any CPU.Build.0 = Debug|Any CPU
		{98DABBC4-F988-4DA1-A6ED-B24D95E70005}.Release|Any CPU.ActiveCfg = Release|Any CPU
		{98DABBC4-F988-4DA1-A6ED-B24D95E70005}.Release|Any CPU.Build.0 = Release|Any CPU
	EndGlobalSection
	GlobalSection(SolutionProperties) = preSolution
		HideSolutionNode = FALSE
	EndGlobalSection
	GlobalSection(NestedProjects) = preSolution
		{2F55F081-E663-4866-8B91-EFC87CF39380} = {316CD8D7-8B55-4008-9587-924F62EBA2BB}
		{75B94324-3D51-4DD3-9563-7D818F219AD8} = {316CD8D7-8B55-4008-9587-924F62EBA2BB}
		{98DABBC4-F988-4DA1-A6ED-B24D95E70005} = {316CD8D7-8B55-4008-9587-924F62EBA2BB}
	EndGlobalSection
	GlobalSection(ExtensibilityGlobals) = postSolution
		SolutionGuid = {01E58D65-816D-425A-94F8-9C22DB69EE8C}
	EndGlobalSection
EndGlobal
